
Microsoft Visual Studio Solution File, Format Version 12.00
# Visual Studio 14
VisualStudioVersion = 14.0.25420.1
MinimumVisualStudioVersion = 10.0.40219.1
Project("{FAE04EC0-301F-11D3-BF4B-00C04F79EFBC}") = "SpaßMitTeletext", "SpaßMitTeletext\SpaßMitTeletext.csproj", "{05A704D9-96D5-4ACA-AEAB-54667CB609DA}"
EndProject
Global
	GlobalSection(SolutionConfigurationPlatforms) = preSolution
		Debug|Any CPU = Debug|Any CPU
		Release|Any CPU = Release|Any CPU
	EndGlobalSection
	GlobalSection(ProjectConfigurationPlatforms) = postSolution
		{05A704D9-96D5-4ACA-AEAB-54667CB609DA}.Debug|Any CPU.ActiveCfg = Debug|Any CPU
		{05A704D9-96D5-4ACA-AEAB-54667CB609DA}.Debug|Any CPU.Build.0 = Debug|Any CPU
		{05A704D9-96D5-4ACA-AEAB-54667CB609DA}.Release|Any CPU.ActiveCfg = Release|Any CPU
		{05A704D9-96D5-4ACA-AEAB-54667CB609DA}.Release|Any CPU.Build.0 = Release|Any CPU
	EndGlobalSection
	GlobalSection(SolutionProperties) = preSolution
		HideSolutionNode = FALSE
	EndGlobalSection
EndGlobal
